// !$*UTF8*$!
{
	archiveVersion = 1;
	classes = {
	};
	objectVersion = 55;
	objects = {

/* Begin PBXBuildFile section */
		D698A3812A89800400065670 /* AppDelegate.swift in Sources */ = {isa = PBXBuildFile; fileRef = D698A3802A89800400065670 /* AppDelegate.swift */; };
		D698A3832A89800400065670 /* SceneDelegate.swift in Sources */ = {isa = PBXBuildFile; fileRef = D698A3822A89800400065670 /* SceneDelegate.swift */; };
		D698A3852A89800400065670 /* ViewController.swift in Sources */ = {isa = PBXBuildFile; fileRef = D698A3842A89800400065670 /* ViewController.swift */; };
		D698A3882A89800400065670 /* Main.storyboard in Resources */ = {isa = PBXBuildFile; fileRef = D698A3862A89800400065670 /* Main.storyboard */; };
		D698A38A2A89800600065670 /* Assets.xcassets in Resources */ = {isa = PBXBuildFile; fileRef = D698A3892A89800600065670 /* Assets.xcassets */; };
		D698A38D2A89800600065670 /* LaunchScreen.storyboard in Resources */ = {isa = PBXBuildFile; fileRef = D698A38B2A89800600065670 /* LaunchScreen.storyboard */; };
		D698A3982A89800600065670 /* SwiftPasteBoardExampleTests.swift in Sources */ = {isa = PBXBuildFile; fileRef = D698A3972A89800600065670 /* SwiftPasteBoardExampleTests.swift */; };
		D698A3A22A89800600065670 /* SwiftPasteBoardExampleUITests.swift in Sources */ = {isa = PBXBuildFile; fileRef = D698A3A12A89800600065670 /* SwiftPasteBoardExampleUITests.swift */; };
		D698A3A42A89800600065670 /* SwiftPasteBoardExampleUITestsLaunchTests.swift in Sources */ = {isa = PBXBuildFile; fileRef = D698A3A32A89800600065670 /* SwiftPasteBoardExampleUITestsLaunchTests.swift */; };
/* End PBXBuildFile section */

/* Begin PBXContainerItemProxy section */
		D698A3942A89800600065670 /* PBXContainerItemProxy */ = {
			isa = PBXContainerItemProxy;
			containerPortal = D698A3752A89800400065670 /* Project object */;
			proxyType = 1;
			remoteGlobalIDString = D698A37C2A89800400065670;
			remoteInfo = SwiftPasteBoardExample;
		};
		D698A39E2A89800600065670 /* PBXContainerItemProxy */ = {
			isa = PBXContainerItemProxy;
			containerPortal = D698A3752A89800400065670 /* Project object */;
			proxyType = 1;
			remoteGlobalIDString = D698A37C2A89800400065670;
			remoteInfo = SwiftPasteBoardExample;
		};
/* End PBXContainerItemProxy section */

/* Begin PBXFileReference section */
		D698A37D2A89800400065670 /* SwiftPasteBoardExample.app */ = {isa = PBXFileReference; explicitFileType = wrapper.application; includeInIndex = 0; path = SwiftPasteBoardExample.app; sourceTree = BUILT_PRODUCTS_DIR; };
		D698A3802A89800400065670 /* AppDelegate.swift */ = {isa = PBXFileReference; lastKnownFileType = sourcecode.swift; path = AppDelegate.swift; sourceTree = "<group>"; };
		D698A3822A89800400065670 /* SceneDelegate.swift */ = {isa = PBXFileReference; lastKnownFileType = sourcecode.swift; path = SceneDelegate.swift; sourceTree = "<group>"; };
		D698A3842A89800400065670 /* ViewController.swift */ = {isa = PBXFileReference; lastKnownFileType = sourcecode.swift; path = ViewController.swift; sourceTree = "<group>"; };
		D698A3872A89800400065670 /* Base */ = {isa = PBXFileReference; lastKnownFileType = file.storyboard; name = Base; path = Base.lproj/Main.storyboard; sourceTree = "<group>"; };
		D698A3892A89800600065670 /* Assets.xcassets */ = {isa = PBXFileReference; lastKnownFileType = folder.assetcatalog; path = Assets.xcassets; sourceTree = "<group>"; };
		D698A38C2A89800600065670 /* Base */ = {isa = PBXFileReference; lastKnownFileType = file.storyboard; name = Base; path = Base.lproj/LaunchScreen.storyboard; sourceTree = "<group>"; };
		D698A38E2A89800600065670 /* Info.plist */ = {isa = PBXFileReference; lastKnownFileType = text.plist.xml; path = Info.plist; sourceTree = "<group>"; };
		D698A3932A89800600065670 /* SwiftPasteBoardExampleTests.xctest */ = {isa = PBXFileReference; explicitFileType = wrapper.cfbundle; includeInIndex = 0; path = SwiftPasteBoardExampleTests.xctest; sourceTree = BUILT_PRODUCTS_DIR; };
		D698A3972A89800600065670 /* SwiftPasteBoardExampleTests.swift */ = {isa = PBXFileReference; lastKnownFileType = sourcecode.swift; path = SwiftPasteBoardExampleTests.swift; sourceTree = "<group>"; };
		D698A39D2A89800600065670 /* SwiftPasteBoardExampleUITests.xctest */ = {isa = PBXFileReference; explicitFileType = wrapper.cfbundle; includeInIndex = 0; path = SwiftPasteBoardExampleUITests.xctest; sourceTree = BUILT_PRODUCTS_DIR; };
		D698A3A12A89800600065670 /* SwiftPasteBoardExampleUITests.swift */ = {isa = PBXFileReference; lastKnownFileType = sourcecode.swift; path = SwiftPasteBoardExampleUITests.swift; sourceTree = "<group>"; };
		D698A3A32A89800600065670 /* SwiftPasteBoardExampleUITestsLaunchTests.swift */ = {isa = PBXFileReference; lastKnownFileType = sourcecode.swift; path = SwiftPasteBoardExampleUITestsLaunchTests.swift; sourceTree = "<group>"; };
/* End PBXFileReference section */

/* Begin PBXFrameworksBuildPhase section */
		D698A37A2A89800400065670 /* Frameworks */ = {
			isa = PBXFrameworksBuildPhase;
			buildActionMask = 2147483647;
			files = (
			);
			runOnlyForDeploymentPostprocessing = 0;
		};
		D698A3902A89800600065670 /* Frameworks */ = {
			isa = PBXFrameworksBuildPhase;
			buildActionMask = 2147483647;
			files = (
			);
			runOnlyForDeploymentPostprocessing = 0;
		};
		D698A39A2A89800600065670 /* Frameworks */ = {
			isa = PBXFrameworksBuildPhase;
			buildActionMask = 2147483647;
			files = (
			);
			runOnlyForDeploymentPostprocessing = 0;
		};
/* End PBXFrameworksBuildPhase section */

/* Begin PBXGroup section */
		D698A3742A89800400065670 = {
			isa = PBXGroup;
			children = (
				D698A37F2A89800400065670 /* SwiftPasteBoardExample */,
				D698A3962A89800600065670 /* SwiftPasteBoardExampleTests */,
				D698A3A02A89800600065670 /* SwiftPasteBoardExampleUITests */,
				D698A37E2A89800400065670 /* Products */,
			);
			sourceTree = "<group>";
		};
		D698A37E2A89800400065670 /* Products */ = {
			isa = PBXGroup;
			children = (
				D698A37D2A89800400065670 /* SwiftPasteBoardExample.app */,
				D698A3932A89800600065670 /* SwiftPasteBoardExampleTests.xctest */,
				D698A39D2A89800600065670 /* SwiftPasteBoardExampleUITests.xctest */,
			);
			name = Products;
			sourceTree = "<group>";
		};
		D698A37F2A89800400065670 /* SwiftPasteBoardExample */ = {
			isa = PBXGroup;
			children = (
				D698A3802A89800400065670 /* AppDelegate.swift */,
				D698A3822A89800400065670 /* SceneDelegate.swift */,
				D698A3842A89800400065670 /* ViewController.swift */,
				D698A3862A89800400065670 /* Main.storyboard */,
				D698A3892A89800600065670 /* Assets.xcassets */,
				D698A38B2A89800600065670 /* LaunchScreen.storyboard */,
				D698A38E2A89800600065670 /* Info.plist */,
			);
			path = SwiftPasteBoardExample;
			sourceTree = "<group>";
		};
		D698A3962A89800600065670 /* SwiftPasteBoardExampleTests */ = {
			isa = PBXGroup;
			children = (
				D698A3972A89800600065670 /* SwiftPasteBoardExampleTests.swift */,
			);
			path = SwiftPasteBoardExampleTests;
			sourceTree = "<group>";
		};
		D698A3A02A89800600065670 /* SwiftPasteBoardExampleUITests */ = {
			isa = PBXGroup;
			children = (
				D698A3A12A89800600065670 /* SwiftPasteBoardExampleUITests.swift */,
				D698A3A32A89800600065670 /* SwiftPasteBoardExampleUITestsLaunchTests.swift */,
			);
			path = SwiftPasteBoardExampleUITests;
			sourceTree = "<group>";
		};
/* End PBXGroup section */

/* Begin PBXNativeTarget section */
		D698A37C2A89800400065670 /* SwiftPasteBoardExample */ = {
			isa = PBXNativeTarget;
			buildConfigurationList = D698A3A72A89800600065670 /* Build configuration list for PBXNativeTarget "SwiftPasteBoardExample" */;
			buildPhases = (
				D698A3792A89800400065670 /* Sources */,
				D698A37A2A89800400065670 /* Frameworks */,
				D698A37B2A89800400065670 /* Resources */,
			);
			buildRules = (
			);
			dependencies = (
			);
			name = SwiftPasteBoardExample;
			productName = SwiftPasteBoardExample;
			productReference = D698A37D2A89800400065670 /* SwiftPasteBoardExample.app */;
			productType = "com.apple.product-type.application";
		};
		D698A3922A89800600065670 /* SwiftPasteBoardExampleTests */ = {
			isa = PBXNativeTarget;
			buildConfigurationList = D698A3AA2A89800600065670 /* Build configuration list for PBXNativeTarget "SwiftPasteBoardExampleTests" */;
			buildPhases = (
				D698A38F2A89800600065670 /* Sources */,
				D698A3902A89800600065670 /* Frameworks */,
				D698A3912A89800600065670 /* Resources */,
			);
			buildRules = (
			);
			dependencies = (
				D698A3952A89800600065670 /* PBXTargetDependency */,
			);
			name = SwiftPasteBoardExampleTests;
			productName = SwiftPasteBoardExampleTests;
			productReference = D698A3932A89800600065670 /* SwiftPasteBoardExampleTests.xctest */;
			productType = "com.apple.product-type.bundle.unit-test";
		};
		D698A39C2A89800600065670 /* SwiftPasteBoardExampleUITests */ = {
			isa = PBXNativeTarget;
			buildConfigurationList = D698A3AD2A89800600065670 /* Build configuration list for PBXNativeTarget "SwiftPasteBoardExampleUITests" */;
			buildPhases = (
				D698A3992A89800600065670 /* Sources */,
				D698A39A2A89800600065670 /* Frameworks */,
				D698A39B2A89800600065670 /* Resources */,
			);
			buildRules = (
			);
			dependencies = (
				D698A39F2A89800600065670 /* PBXTargetDependency */,
			);
			name = SwiftPasteBoardExampleUITests;
			productName = SwiftPasteBoardExampleUITests;
			productReference = D698A39D2A89800600065670 /* SwiftPasteBoardExampleUITests.xctest */;
			productType = "com.apple.product-type.bundle.ui-testing";
		};
/* End PBXNativeTarget section */

/* Begin PBXProject section */
		D698A3752A89800400065670 /* Project object */ = {
			isa = PBXProject;
			attributes = {
				BuildIndependentTargetsInParallel = 1;
				LastSwiftUpdateCheck = 1320;
				LastUpgradeCheck = 1320;
				TargetAttributes = {
					D698A37C2A89800400065670 = {
						CreatedOnToolsVersion = 13.2.1;
					};
					D698A3922A89800600065670 = {
						CreatedOnToolsVersion = 13.2.1;
						TestTargetID = D698A37C2A89800400065670;
					};
					D698A39C2A89800600065670 = {
						CreatedOnToolsVersion = 13.2.1;
						TestTargetID = D698A37C2A89800400065670;
					};
				};
			};
			buildConfigurationList = D698A3782A89800400065670 /* Build configuration list for PBXProject "SwiftPasteBoardExample" */;
			compatibilityVersion = "Xcode 13.0";
			developmentRegion = en;
			hasScannedForEncodings = 0;
			knownRegions = (
				en,
				Base,
			);
			mainGroup = D698A3742A89800400065670;
			productRefGroup = D698A37E2A89800400065670 /* Products */;
			projectDirPath = "";
			projectRoot = "";
			targets = (
				D698A37C2A89800400065670 /* SwiftPasteBoardExample */,
				D698A3922A89800600065670 /* SwiftPasteBoardExampleTests */,
				D698A39C2A89800600065670 /* SwiftPasteBoardExampleUITests */,
			);
		};
/* End PBXProject section */

/* Begin PBXResourcesBuildPhase section */
		D698A37B2A89800400065670 /* Resources */ = {
			isa = PBXResourcesBuildPhase;
			buildActionMask = 2147483647;
			files = (
				D698A38D2A89800600065670 /* LaunchScreen.storyboard in Resources */,
				D698A38A2A89800600065670 /* Assets.xcassets in Resources */,
				D698A3882A89800400065670 /* Main.storyboard in Resources */,
			);
			runOnlyForDeploymentPostprocessing = 0;
		};
		D698A3912A89800600065670 /* Resources */ = {
			isa = PBXResourcesBuildPhase;
			buildActionMask = 2147483647;
			files = (
			);
			runOnlyForDeploymentPostprocessing = 0;
		};
		D698A39B2A89800600065670 /* Resources */ = {
			isa = PBXResourcesBuildPhase;
			buildActionMask = 2147483647;
			files = (
			);
			runOnlyForDeploymentPostprocessing = 0;
		};
/* End PBXResourcesBuildPhase section */

/* Begin PBXSourcesBuildPhase section */
		D698A3792A89800400065670 /* Sources */ = {
			isa = PBXSourcesBuildPhase;
			buildActionMask = 2147483647;
			files = (
				D698A3852A89800400065670 /* ViewController.swift in Sources */,
				D698A3812A89800400065670 /* AppDelegate.swift in Sources */,
				D698A3832A89800400065670 /* SceneDelegate.swift in Sources */,
			);
			runOnlyForDeploymentPostprocessing = 0;
		};
		D698A38F2A89800600065670 /* Sources */ = {
			isa = PBXSourcesBuildPhase;
			buildActionMask = 2147483647;
			files = (
				D698A3982A89800600065670 /* SwiftPasteBoardExampleTests.swift in Sources */,
			);
			runOnlyForDeploymentPostprocessing = 0;
		};
		D698A3992A89800600065670 /* Sources */ = {
			isa = PBXSourcesBuildPhase;
			buildActionMask = 2147483647;
			files = (
				D698A3A42A89800600065670 /* SwiftPasteBoardExampleUITestsLaunchTests.swift in Sources */,
				D698A3A22A89800600065670 /* SwiftPasteBoardExampleUITests.swift in Sources */,
			);
			runOnlyForDeploymentPostprocessing = 0;
		};
/* End PBXSourcesBuildPhase section */

/* Begin PBXTargetDependency section */
		D698A3952A89800600065670 /* PBXTargetDependency */ = {
			isa = PBXTargetDependency;
			target = D698A37C2A89800400065670 /* SwiftPasteBoardExample */;
			targetProxy = D698A3942A89800600065670 /* PBXContainerItemProxy */;
		};
		D698A39F2A89800600065670 /* PBXTargetDependency */ = {
			isa = PBXTargetDependency;
			target = D698A37C2A89800400065670 /* SwiftPasteBoardExample */;
			targetProxy = D698A39E2A89800600065670 /* PBXContainerItemProxy */;
		};
/* End PBXTargetDependency section */

/* Begin PBXVariantGroup section */
		D698A3862A89800400065670 /* Main.storyboard */ = {
			isa = PBXVariantGroup;
			children = (
				D698A3872A89800400065670 /* Base */,
			);
			name = Main.storyboard;
			sourceTree = "<group>";
		};
		D698A38B2A89800600065670 /* LaunchScreen.storyboard */ = {
			isa = PBXVariantGroup;
			children = (
				D698A38C2A89800600065670 /* Base */,
			);
			name = LaunchScreen.storyboard;
			sourceTree = "<group>";
		};
/* End PBXVariantGroup section */

/* Begin XCBuildConfiguration section */
		D698A3A52A89800600065670 /* Debug */ = {
			isa = XCBuildConfiguration;
			buildSettings = {
				ALWAYS_SEARCH_USER_PATHS = NO;
				CLANG_ANALYZER_NONNULL = YES;
				CLANG_ANALYZER_NUMBER_OBJECT_CONVERSION = YES_AGGRESSIVE;
				CLANG_CXX_LANGUAGE_STANDARD = "gnu++17";
				CLANG_CXX_LIBRARY = "libc++";
				CLANG_ENABLE_MODULES = YES;
				CLANG_ENABLE_OBJC_ARC = YES;
				CLANG_ENABLE_OBJC_WEAK = YES;
				CLANG_WARN_BLOCK_CAPTURE_AUTORELEASING = YES;
				CLANG_WARN_BOOL_CONVERSION = YES;
				CLANG_WARN_COMMA = YES;
				CLANG_WARN_CONSTANT_CONVERSION = YES;
				CLANG_WARN_DEPRECATED_OBJC_IMPLEMENTATIONS = YES;
				CLANG_WARN_DIRECT_OBJC_ISA_USAGE = YES_ERROR;
				CLANG_WARN_DOCUMENTATION_COMMENTS = YES;
				CLANG_WARN_EMPTY_BODY = YES;
				CLANG_WARN_ENUM_CONVERSION = YES;
				CLANG_WARN_INFINITE_RECURSION = YES;
				CLANG_WARN_INT_CONVERSION = YES;
				CLANG_WARN_NON_LITERAL_NULL_CONVERSION = YES;
				CLANG_WARN_OBJC_IMPLICIT_RETAIN_SELF = YES;
				CLANG_WARN_OBJC_LITERAL_CONVERSION = YES;
				CLANG_WARN_OBJC_ROOT_CLASS = YES_ERROR;
				CLANG_WARN_QUOTED_INCLUDE_IN_FRAMEWORK_HEADER = YES;
				CLANG_WARN_RANGE_LOOP_ANALYSIS = YES;
				CLANG_WARN_STRICT_PROTOTYPES = YES;
				CLANG_WARN_SUSPICIOUS_MOVE = YES;
				CLANG_WARN_UNGUARDED_AVAILABILITY = YES_AGGRESSIVE;
				CLANG_WARN_UNREACHABLE_CODE = YES;
				CLANG_WARN__DUPLICATE_METHOD_MATCH = YES;
				COPY_PHASE_STRIP = NO;
				DEBUG_INFORMATION_FORMAT = dwarf;
				ENABLE_STRICT_OBJC_MSGSEND = YES;
				ENABLE_TESTABILITY = YES;
				GCC_C_LANGUAGE_STANDARD = gnu11;
				GCC_DYNAMIC_NO_PIC = NO;
				GCC_NO_COMMON_BLOCKS = YES;
				GCC_OPTIMIZATION_LEVEL = 0;
				GCC_PREPROCESSOR_DEFINITIONS = (
					"DEBUG=1",
					"$(inherited)",
				);
				GCC_WARN_64_TO_32_BIT_CONVERSION = YES;
				GCC_WARN_ABOUT_RETURN_TYPE = YES_ERROR;
				GCC_WARN_UNDECLARED_SELECTOR = YES;
				GCC_WARN_UNINITIALIZED_AUTOS = YES_AGGRESSIVE;
				GCC_WARN_UNUSED_FUNCTION = YES;
				GCC_WARN_UNUSED_VARIABLE = YES;
				IPHONEOS_DEPLOYMENT_TARGET = 15.2;
				MTL_ENABLE_DEBUG_INFO = INCLUDE_SOURCE;
				MTL_FAST_MATH = YES;
				ONLY_ACTIVE_ARCH = YES;
				SDKROOT = iphoneos;
				SWIFT_ACTIVE_COMPILATION_CONDITIONS = DEBUG;
				SWIFT_OPTIMIZATION_LEVEL = "-Onone";
			};
			name = Debug;
		};
		D698A3A62A89800600065670 /* Release */ = {
			isa = XCBuildConfiguration;
			buildSettings = {
				ALWAYS_SEARCH_USER_PATHS = NO;
				CLANG_ANALYZER_NONNULL = YES;
				CLANG_ANALYZER_NUMBER_OBJECT_CONVERSION = YES_AGGRESSIVE;
				CLANG_CXX_LANGUAGE_STANDARD = "gnu++17";
				CLANG_CXX_LIBRARY = "libc++";
				CLANG_ENABLE_MODULES = YES;
				CLANG_ENABLE_OBJC_ARC = YES;
				CLANG_ENABLE_OBJC_WEAK = YES;
				CLANG_WARN_BLOCK_CAPTURE_AUTORELEASING = YES;
				CLANG_WARN_BOOL_CONVERSION = YES;
				CLANG_WARN_COMMA = YES;
				CLANG_WARN_CONSTANT_CONVERSION = YES;
				CLANG_WARN_DEPRECATED_OBJC_IMPLEMENTATIONS = YES;
				CLANG_WARN_DIRECT_OBJC_ISA_USAGE = YES_ERROR;
				CLANG_WARN_DOCUMENTATION_COMMENTS = YES;
				CLANG_WARN_EMPTY_BODY = YES;
				CLANG_WARN_ENUM_CONVERSION = YES;
				CLANG_WARN_INFINITE_RECURSION = YES;
				CLANG_WARN_INT_CONVERSION = YES;
				CLANG_WARN_NON_LITERAL_NULL_CONVERSION = YES;
				CLANG_WARN_OBJC_IMPLICIT_RETAIN_SELF = YES;
				CLANG_WARN_OBJC_LITERAL_CONVERSION = YES;
				CLANG_WARN_OBJC_ROOT_CLASS = YES_ERROR;
				CLANG_WARN_QUOTED_INCLUDE_IN_FRAMEWORK_HEADER = YES;
				CLANG_WARN_RANGE_LOOP_ANALYSIS = YES;
				CLANG_WARN_STRICT_PROTOTYPES = YES;
				CLANG_WARN_SUSPICIOUS_MOVE = YES;
				CLANG_WARN_UNGUARDED_AVAILABILITY = YES_AGGRESSIVE;
				CLANG_WARN_UNREACHABLE_CODE = YES;
				CLANG_WARN__DUPLICATE_METHOD_MATCH = YES;
				COPY_PHASE_STRIP = NO;
				DEBUG_INFORMATION_FORMAT = "dwarf-with-dsym";
				ENABLE_NS_ASSERTIONS = NO;
				ENABLE_STRICT_OBJC_MSGSEND = YES;
				GCC_C_LANGUAGE_STANDARD = gnu11;
				GCC_NO_COMMON_BLOCKS = YES;
				GCC_WARN_64_TO_32_BIT_CONVERSION = YES;
				GCC_WARN_ABOUT_RETURN_TYPE = YES_ERROR;
				GCC_WARN_UNDECLARED_SELECTOR = YES;
				GCC_WARN_UNINITIALIZED_AUTOS = YES_AGGRESSIVE;
				GCC_WARN_UNUSED_FUNCTION = YES;
				GCC_WARN_UNUSED_VARIABLE = YES;
				IPHONEOS_DEPLOYMENT_TARGET = 15.2;
				MTL_ENABLE_DEBUG_INFO = NO;
				MTL_FAST_MATH = YES;
				SDKROOT = iphoneos;
				SWIFT_COMPILATION_MODE = wholemodule;
				SWIFT_OPTIMIZATION_LEVEL = "-O";
				VALIDATE_PRODUCT = YES;
			};
			name = Release;
		};
		D698A3A82A89800600065670 /* Debug */ = {
			isa = XCBuildConfiguration;
			buildSettings = {
				ASSETCATALOG_COMPILER_APPICON_NAME = AppIcon;
				ASSETCATALOG_COMPILER_GLOBAL_ACCENT_COLOR_NAME = AccentColor;
				CODE_SIGN_STYLE = Automatic;
				CURRENT_PROJECT_VERSION = 1;
				DEVELOPMENT_TEAM = K6LJCT8RAA;
				GENERATE_INFOPLIST_FILE = YES;
				INFOPLIST_FILE = SwiftPasteBoardExample/Info.plist;
				INFOPLIST_KEY_UIApplicationSupportsIndirectInputEvents = YES;
				INFOPLIST_KEY_UILaunchStoryboardName = LaunchScreen;
				INFOPLIST_KEY_UIMainStoryboardFile = Main;
				INFOPLIST_KEY_UISupportedInterfaceOrientations_iPad = "UIInterfaceOrientationPortrait UIInterfaceOrientationPortraitUpsideDown UIInterfaceOrientationLandscapeLeft UIInterfaceOrientationLandscapeRight";
				INFOPLIST_KEY_UISupportedInterfaceOrientations_iPhone = "UIInterfaceOrientationPortrait UIInterfaceOrientationLandscapeLeft UIInterfaceOrientationLandscapeRight";
				LD_RUNPATH_SEARCH_PATHS = (
					"$(inherited)",
					"@executable_path/Frameworks",
				);
				MARKETING_VERSION = 1.0;
				PRODUCT_BUNDLE_IDENTIFIER = com.ios.SwiftPasteBoardExample;
				PRODUCT_NAME = "$(TARGET_NAME)";
				SWIFT_EMIT_LOC_STRINGS = YES;
				SWIFT_VERSION = 5.0;
				TARGETED_DEVICE_FAMILY = "1,2";
			};
			name = Debug;
		};
		D698A3A92A89800600065670 /* Release */ = {
			isa = XCBuildConfiguration;
			buildSettings = {
				ASSETCATALOG_COMPILER_APPICON_NAME = AppIcon;
				ASSETCATALOG_COMPILER_GLOBAL_ACCENT_COLOR_NAME = AccentColor;
				CODE_SIGN_STYLE = Automatic;
				CURRENT_PROJECT_VERSION = 1;
				DEVELOPMENT_TEAM = K6LJCT8RAA;
				GENERATE_INFOPLIST_FILE = YES;
				INFOPLIST_FILE = SwiftPasteBoardExample/Info.plist;
				INFOPLIST_KEY_UIApplicationSupportsIndirectInputEvents = YES;
				INFOPLIST_KEY_UILaunchStoryboardName = LaunchScreen;
				INFOPLIST_KEY_UIMainStoryboardFile = Main;
				INFOPLIST_KEY_UISupportedInterfaceOrientations_iPad = "UIInterfaceOrientationPortrait UIInterfaceOrientationPortraitUpsideDown UIInterfaceOrientationLandscapeLeft UIInterfaceOrientationLandscapeRight";
				INFOPLIST_KEY_UISupportedInterfaceOrientations_iPhone = "UIInterfaceOrientationPortrait UIInterfaceOrientationLandscapeLeft UIInterfaceOrientationLandscapeRight";
				LD_RUNPATH_SEARCH_PATHS = (
					"$(inherited)",
					"@executable_path/Frameworks",
				);
				MARKETING_VERSION = 1.0;
				PRODUCT_BUNDLE_IDENTIFIER = com.ios.SwiftPasteBoardExample;
				PRODUCT_NAME = "$(TARGET_NAME)";
				SWIFT_EMIT_LOC_STRINGS = YES;
				SWIFT_VERSION = 5.0;
				TARGETED_DEVICE_FAMILY = "1,2";
			};
			name = Release;
		};
		D698A3AB2A89800600065670 /* Debug */ = {
			isa = XCBuildConfiguration;
			buildSettings = {
				ALWAYS_EMBED_SWIFT_STANDARD_LIBRARIES = YES;
				BUNDLE_LOADER = "$(TEST_HOST)";
				CODE_SIGN_STYLE = Automatic;
				CURRENT_PROJECT_VERSION = 1;
				DEVELOPMENT_TEAM = K6LJCT8RAA;
				GENERATE_INFOPLIST_FILE = YES;
				IPHONEOS_DEPLOYMENT_TARGET = 15.2;
				MARKETING_VERSION = 1.0;
				PRODUCT_BUNDLE_IDENTIFIER = com.ios.SwiftPasteBoardExampleTests;
				PRODUCT_NAME = "$(TARGET_NAME)";
				SWIFT_EMIT_LOC_STRINGS = NO;
				SWIFT_VERSION = 5.0;
				TARGETED_DEVICE_FAMILY = "1,2";
				TEST_HOST = "$(BUILT_PRODUCTS_DIR)/SwiftPasteBoardExample.app/SwiftPasteBoardExample";
			};
			name = Debug;
		};
		D698A3AC2A89800600065670 /* Release */ = {
			isa = XCBuildConfiguration;
			buildSettings = {
				ALWAYS_EMBED_SWIFT_STANDARD_LIBRARIES = YES;
				BUNDLE_LOADER = "$(TEST_HOST)";
				CODE_SIGN_STYLE = Automatic;
				CURRENT_PROJECT_VERSION = 1;
				DEVELOPMENT_TEAM = K6LJCT8RAA;
				GENERATE_INFOPLIST_FILE = YES;
				IPHONEOS_DEPLOYMENT_TARGET = 15.2;
				MARKETING_VERSION = 1.0;
				PRODUCT_BUNDLE_IDENTIFIER = com.ios.SwiftPasteBoardExampleTests;
				PRODUCT_NAME = "$(TARGET_NAME)";
				SWIFT_EMIT_LOC_STRINGS = NO;
				SWIFT_VERSION = 5.0;
				TARGETED_DEVICE_FAMILY = "1,2";
				TEST_HOST = "$(BUILT_PRODUCTS_DIR)/SwiftPasteBoardExample.app/SwiftPasteBoardExample";
			};
			name = Release;
		};
		D698A3AE2A89800600065670 /* Debug */ = {
			isa = XCBuildConfiguration;
			buildSettings = {
				ALWAYS_EMBED_SWIFT_STANDARD_LIBRARIES = YES;
				CODE_SIGN_STYLE = Automatic;
				CURRENT_PROJECT_VERSION = 1;
				DEVELOPMENT_TEAM = K6LJCT8RAA;
				GENERATE_INFOPLIST_FILE = YES;
				MARKETING_VERSION = 1.0;
				PRODUCT_BUNDLE_IDENTIFIER = com.ios.SwiftPasteBoardExampleUITests;
				PRODUCT_NAME = "$(TARGET_NAME)";
				SWIFT_EMIT_LOC_STRINGS = NO;
				SWIFT_VERSION = 5.0;
				TARGETED_DEVICE_FAMILY = "1,2";
				TEST_TARGET_NAME = SwiftPasteBoardExample;
			};
			name = Debug;
		};
		D698A3AF2A89800600065670 /* Release */ = {
			isa = XCBuildConfiguration;
			buildSettings = {
				ALWAYS_EMBED_SWIFT_STANDARD_LIBRARIES = YES;
				CODE_SIGN_STYLE = Automatic;
				CURRENT_PROJECT_VERSION = 1;
				DEVELOPMENT_TEAM = K6LJCT8RAA;
				GENERATE_INFOPLIST_FILE = YES;
				MARKETING_VERSION = 1.0;
				PRODUCT_BUNDLE_IDENTIFIER = com.ios.SwiftPasteBoardExampleUITests;
				PRODUCT_NAME = "$(TARGET_NAME)";
				SWIFT_EMIT_LOC_STRINGS = NO;
				SWIFT_VERSION = 5.0;
				TARGETED_DEVICE_FAMILY = "1,2";
				TEST_TARGET_NAME = SwiftPasteBoardExample;
			};
			name = Release;
		};
/* End XCBuildConfiguration section */

/* Begin XCConfigurationList section */
		D698A3782A89800400065670 /* Build configuration list for PBXProject "SwiftPasteBoardExample" */ = {
			isa = XCConfigurationList;
			buildConfigurations = (
				D698A3A52A89800600065670 /* Debug */,
				D698A3A62A89800600065670 /* Release */,
			);
			defaultConfigurationIsVisible = 0;
			defaultConfigurationName = Release;
		};
		D698A3A72A89800600065670 /* Build configuration list for PBXNativeTarget "SwiftPasteBoardExample" */ = {
			isa = XCConfigurationList;
			buildConfigurations = (
				D698A3A82A89800600065670 /* Debug */,
				D698A3A92A89800600065670 /* Release */,
			);
			defaultConfigurationIsVisible = 0;
			defaultConfigurationName = Release;
		};
		D698A3AA2A89800600065670 /* Build configuration list for PBXNativeTarget "SwiftPasteBoardExampleTests" */ = {
			isa = XCConfigurationList;
			buildConfigurations = (
				D698A3AB2A89800600065670 /* Debug */,
				D698A3AC2A89800600065670 /* Release */,
			);
			defaultConfigurationIsVisible = 0;
			defaultConfigurationName = Release;
		};
		D698A3AD2A89800600065670 /* Build configuration list for PBXNativeTarget "SwiftPasteBoardExampleUITests" */ = {
			isa = XCConfigurationList;
			buildConfigurations = (
				D698A3AE2A89800600065670 /* Debug */,
				D698A3AF2A89800600065670 /* Release */,
			);
			defaultConfigurationIsVisible = 0;
			defaultConfigurationName = Release;
		};
/* End XCConfigurationList section */
	};
	rootObject = D698A3752A89800400065670 /* Project object */;
}
